{
  "version": "5",
  "specifiers": {
    "npm:@deno/svelte-adapter@0.1": "0.1.0_@sveltejs+kit@2.21.2__@sveltejs+vite-plugin-svelte@5.1.0___svelte@5.33.17____acorn@8.14.1___vite@6.3.5____picomatch@4.0.2__svelte@5.33.17___acorn@8.14.1__vite@6.3.5___picomatch@4.0.2__acorn@8.14.1_@sveltejs+vite-plugin-svelte@5.1.0__svelte@5.33.17___acorn@8.14.1__vite@6.3.5___picomatch@4.0.2_svelte@5.33.17__acorn@8.14.1_vite@6.3.5__picomatch@4.0.2",
    "npm:@sveltejs/kit@^2.21.2": "2.21.2_@sveltejs+vite-plugin-svelte@5.1.0__svelte@5.33.17___acorn@8.14.1__vite@6.3.5___picomatch@4.0.2_svelte@5.33.17__acorn@8.14.1_vite@6.3.5__picomatch@4.0.2_acorn@8.14.1",
    "npm:@sveltejs/vite-plugin-svelte@^5.1.0": "5.1.0_svelte@5.33.17__acorn@8.14.1_vite@6.3.5__picomatch@4.0.2",
    "npm:@tailwindcss/vite@^4.1.8": "4.1.8_vite@6.3.5__picomatch@4.0.2",
    "npm:oslo@^1.2.1": "1.2.1",
    "npm:postcss@^8.5.4": "8.5.4",
    "npm:runed@0.28": "0.28.0_svelte@5.33.17__acorn@8.14.1",
    "npm:svelte-check@^4.2.1": "4.2.1_svelte@5.33.17__acorn@8.14.1_typescript@5.8.3",
    "npm:svelte-french-toast@^1.2.0": "1.2.0_svelte@5.33.17__acorn@8.14.1",
    "npm:svelte@^5.33.16": "5.33.17_acorn@8.14.1",
    "npm:tailwindcss@^4.1.8": "4.1.8",
    "npm:tslib@^2.8.1": "2.8.1",
    "npm:typescript@^5.8.3": "5.8.3",
    "npm:vite@^6.3.5": "6.3.5_picomatch@4.0.2"
  },
  "npm": {
    "@ampproject/remapping@2.3.0": {
      "integrity": "sha512-30iZtAPgz+LTIYoeivqYo853f02jBYSd5uGnGpkFV0M3xOt9aN73erkgYAmZU43x4VfqcnLxW9Kpg3R5LC4YYw==",
      "dependencies": [
        "@jridgewell/gen-mapping",
        "@jridgewell/trace-mapping"
      ]
    },
    "@deno/experimental-route-config@0.0.5": {
      "integrity": "sha512-0PN4qij3sC3Qm8WbiOBGlOQz8WtB0AENGkzsTHOYyPenf40iW7OGFid8QT3L8lGApnz3t6ufET0c2XgagV8Jjw==",
      "dependencies": [
        "urlpattern-polyfill"
      ]
    },
    "@deno/svelte-adapter@0.1.0_@sveltejs+kit@2.21.2__@sveltejs+vite-plugin-svelte@5.1.0___svelte@5.33.17____acorn@8.14.1___vite@6.3.5____picomatch@4.0.2__svelte@5.33.17___acorn@8.14.1__vite@6.3.5___picomatch@4.0.2__acorn@8.14.1_@sveltejs+vite-plugin-svelte@5.1.0__svelte@5.33.17___acorn@8.14.1__vite@6.3.5___picomatch@4.0.2_svelte@5.33.17__acorn@8.14.1_vite@6.3.5__picomatch@4.0.2": {
      "integrity": "sha512-fx4Kj1lSx1rJvjtPr3cXO7qKveI1vUyGW8jX+clJHQEqEeIDnEcBW0FpMZEVORPlay2SGydQWSGbwh4j2iENzg==",
      "dependencies": [
        "@deno/experimental-route-config",
        "@sveltejs/kit"
      ]
    },
    "@emnapi/core@0.45.0": {
      "integrity": "sha512-DPWjcUDQkCeEM4VnljEOEcXdAD7pp8zSZsgOujk/LGIwCXWbXJngin+MO4zbH429lzeC3WbYLGjE2MaUOwzpyw==",
      "dependencies": [
        "tslib"
      ]
    },
    "@emnapi/core@1.4.3": {
      "integrity": "sha512-4m62DuCE07lw01soJwPiBGC0nAww0Q+RY70VZ+n49yDIO13yyinhbWCeNnaob0lakDtWQzSdtNWzJeOJt2ma+g==",
      "dependencies": [
        "@emnapi/wasi-threads",
        "tslib"
      ]
    },
    "@emnapi/runtime@0.45.0": {
      "integrity": "sha512-Txumi3td7J4A/xTTwlssKieHKTGl3j4A1tglBx72auZ49YK7ePY6XZricgIg9mnZT4xPfA+UPCUdnhRuEFDL+w==",
      "dependencies": [
        "tslib"
      ]
    },
    "@emnapi/runtime@1.4.3": {
      "integrity": "sha512-pBPWdu6MLKROBX05wSNKcNb++m5Er+KQ9QkB+WVM+pW2Kx9hoSrVTnu3BdkI5eBLZoKu/J6mW/B6i6bJB2ytXQ==",
      "dependencies": [
        "tslib"
      ]
    },
    "@emnapi/wasi-threads@1.0.2": {
      "integrity": "sha512-5n3nTJblwRi8LlXkJ9eBzu+kZR8Yxcc7ubakyQTFzPMtIhFpUBRbsnc2Dv88IZDIbCDlBiWrknhB4Lsz7mg6BA==",
      "dependencies": [
        "tslib"
      ]
    },
    "@esbuild/aix-ppc64@0.25.5": {
      "integrity": "sha512-9o3TMmpmftaCMepOdA5k/yDw8SfInyzWWTjYTFCX3kPSDJMROQTb8jg+h9Cnwnmm1vOzvxN7gIfB5V2ewpjtGA==",
      "os": ["aix"],
      "cpu": ["ppc64"]
    },
    "@esbuild/android-arm64@0.25.5": {
      "integrity": "sha512-VGzGhj4lJO+TVGV1v8ntCZWJktV7SGCs3Pn1GRWI1SBFtRALoomm8k5E9Pmwg3HOAal2VDc2F9+PM/rEY6oIDg==",
      "os": ["android"],
      "cpu": ["arm64"]
    },
    "@esbuild/android-arm@0.25.5": {
      "integrity": "sha512-AdJKSPeEHgi7/ZhuIPtcQKr5RQdo6OO2IL87JkianiMYMPbCtot9fxPbrMiBADOWWm3T2si9stAiVsGbTQFkbA==",
      "os": ["android"],
      "cpu": ["arm"]
    },
    "@esbuild/android-x64@0.25.5": {
      "integrity": "sha512-D2GyJT1kjvO//drbRT3Hib9XPwQeWd9vZoBJn+bu/lVsOZ13cqNdDeqIF/xQ5/VmWvMduP6AmXvylO/PIc2isw==",
      "os": ["android"],
      "cpu": ["x64"]
    },
    "@esbuild/darwin-arm64@0.25.5": {
      "integrity": "sha512-GtaBgammVvdF7aPIgH2jxMDdivezgFu6iKpmT+48+F8Hhg5J/sfnDieg0aeG/jfSvkYQU2/pceFPDKlqZzwnfQ==",
      "os": ["darwin"],
      "cpu": ["arm64"]
    },
    "@esbuild/darwin-x64@0.25.5": {
      "integrity": "sha512-1iT4FVL0dJ76/q1wd7XDsXrSW+oLoquptvh4CLR4kITDtqi2e/xwXwdCVH8hVHU43wgJdsq7Gxuzcs6Iq/7bxQ==",
      "os": ["darwin"],
      "cpu": ["x64"]
    },
    "@esbuild/freebsd-arm64@0.25.5": {
      "integrity": "sha512-nk4tGP3JThz4La38Uy/gzyXtpkPW8zSAmoUhK9xKKXdBCzKODMc2adkB2+8om9BDYugz+uGV7sLmpTYzvmz6Sw==",
      "os": ["freebsd"],
      "cpu": ["arm64"]
    },
    "@esbuild/freebsd-x64@0.25.5": {
      "integrity": "sha512-PrikaNjiXdR2laW6OIjlbeuCPrPaAl0IwPIaRv+SMV8CiM8i2LqVUHFC1+8eORgWyY7yhQY+2U2fA55mBzReaw==",
      "os": ["freebsd"],
      "cpu": ["x64"]
    },
    "@esbuild/linux-arm64@0.25.5": {
      "integrity": "sha512-Z9kfb1v6ZlGbWj8EJk9T6czVEjjq2ntSYLY2cw6pAZl4oKtfgQuS4HOq41M/BcoLPzrUbNd+R4BXFyH//nHxVg==",
      "os": ["linux"],
      "cpu": ["arm64"]
    },
    "@esbuild/linux-arm@0.25.5": {
      "integrity": "sha512-cPzojwW2okgh7ZlRpcBEtsX7WBuqbLrNXqLU89GxWbNt6uIg78ET82qifUy3W6OVww6ZWobWub5oqZOVtwolfw==",
      "os": ["linux"],
      "cpu": ["arm"]
    },
    "@esbuild/linux-ia32@0.25.5": {
      "integrity": "sha512-sQ7l00M8bSv36GLV95BVAdhJ2QsIbCuCjh/uYrWiMQSUuV+LpXwIqhgJDcvMTj+VsQmqAHL2yYaasENvJ7CDKA==",
      "os": ["linux"],
      "cpu": ["ia32"]
    },
    "@esbuild/linux-loong64@0.25.5": {
      "integrity": "sha512-0ur7ae16hDUC4OL5iEnDb0tZHDxYmuQyhKhsPBV8f99f6Z9KQM02g33f93rNH5A30agMS46u2HP6qTdEt6Q1kg==",
      "os": ["linux"],
      "cpu": ["loong64"]
    },
    "@esbuild/linux-mips64el@0.25.5": {
      "integrity": "sha512-kB/66P1OsHO5zLz0i6X0RxlQ+3cu0mkxS3TKFvkb5lin6uwZ/ttOkP3Z8lfR9mJOBk14ZwZ9182SIIWFGNmqmg==",
      "os": ["linux"],
      "cpu": ["mips64el"]
    },
    "@esbuild/linux-ppc64@0.25.5": {
      "integrity": "sha512-UZCmJ7r9X2fe2D6jBmkLBMQetXPXIsZjQJCjgwpVDz+YMcS6oFR27alkgGv3Oqkv07bxdvw7fyB71/olceJhkQ==",
      "os": ["linux"],
      "cpu": ["ppc64"]
    },
    "@esbuild/linux-riscv64@0.25.5": {
      "integrity": "sha512-kTxwu4mLyeOlsVIFPfQo+fQJAV9mh24xL+y+Bm6ej067sYANjyEw1dNHmvoqxJUCMnkBdKpvOn0Ahql6+4VyeA==",
      "os": ["linux"],
      "cpu": ["riscv64"]
    },
    "@esbuild/linux-s390x@0.25.5": {
      "integrity": "sha512-K2dSKTKfmdh78uJ3NcWFiqyRrimfdinS5ErLSn3vluHNeHVnBAFWC8a4X5N+7FgVE1EjXS1QDZbpqZBjfrqMTQ==",
      "os": ["linux"],
      "cpu": ["s390x"]
    },
    "@esbuild/linux-x64@0.25.5": {
      "integrity": "sha512-uhj8N2obKTE6pSZ+aMUbqq+1nXxNjZIIjCjGLfsWvVpy7gKCOL6rsY1MhRh9zLtUtAI7vpgLMK6DxjO8Qm9lJw==",
      "os": ["linux"],
      "cpu": ["x64"]
    },
    "@esbuild/netbsd-arm64@0.25.5": {
      "integrity": "sha512-pwHtMP9viAy1oHPvgxtOv+OkduK5ugofNTVDilIzBLpoWAM16r7b/mxBvfpuQDpRQFMfuVr5aLcn4yveGvBZvw==",
      "os": ["netbsd"],
      "cpu": ["arm64"]
    },
    "@esbuild/netbsd-x64@0.25.5": {
      "integrity": "sha512-WOb5fKrvVTRMfWFNCroYWWklbnXH0Q5rZppjq0vQIdlsQKuw6mdSihwSo4RV/YdQ5UCKKvBy7/0ZZYLBZKIbwQ==",
      "os": ["netbsd"],
      "cpu": ["x64"]
    },
    "@esbuild/openbsd-arm64@0.25.5": {
      "integrity": "sha512-7A208+uQKgTxHd0G0uqZO8UjK2R0DDb4fDmERtARjSHWxqMTye4Erz4zZafx7Di9Cv+lNHYuncAkiGFySoD+Mw==",
      "os": ["openbsd"],
      "cpu": ["arm64"]
    },
    "@esbuild/openbsd-x64@0.25.5": {
      "integrity": "sha512-G4hE405ErTWraiZ8UiSoesH8DaCsMm0Cay4fsFWOOUcz8b8rC6uCvnagr+gnioEjWn0wC+o1/TAHt+It+MpIMg==",
      "os": ["openbsd"],
      "cpu": ["x64"]
    },
    "@esbuild/sunos-x64@0.25.5": {
      "integrity": "sha512-l+azKShMy7FxzY0Rj4RCt5VD/q8mG/e+mDivgspo+yL8zW7qEwctQ6YqKX34DTEleFAvCIUviCFX1SDZRSyMQA==",
      "os": ["sunos"],
      "cpu": ["x64"]
    },
    "@esbuild/win32-arm64@0.25.5": {
      "integrity": "sha512-O2S7SNZzdcFG7eFKgvwUEZ2VG9D/sn/eIiz8XRZ1Q/DO5a3s76Xv0mdBzVM5j5R639lXQmPmSo0iRpHqUUrsxw==",
      "os": ["win32"],
      "cpu": ["arm64"]
    },
    "@esbuild/win32-ia32@0.25.5": {
      "integrity": "sha512-onOJ02pqs9h1iMJ1PQphR+VZv8qBMQ77Klcsqv9CNW2w6yLqoURLcgERAIurY6QE63bbLuqgP9ATqajFLK5AMQ==",
      "os": ["win32"],
      "cpu": ["ia32"]
    },
    "@esbuild/win32-x64@0.25.5": {
      "integrity": "sha512-TXv6YnJ8ZMVdX+SXWVBo/0p8LTcrUYngpWjvm91TMjjBQii7Oz11Lw5lbDV5Y0TzuhSJHwiH4hEtC1I42mMS0g==",
      "os": ["win32"],
      "cpu": ["x64"]
    },
    "@isaacs/fs-minipass@4.0.1": {
      "integrity": "sha512-wgm9Ehl2jpeqP3zw/7mo3kRHFp5MEDhqAdwy1fTGkHAwnkGOVsgpvQhL8B5n1qlb01jV3n/bI0ZfZp5lWA1k4w==",
      "dependencies": [
        "minipass"
      ]
    },
    "@jridgewell/gen-mapping@0.3.8": {
      "integrity": "sha512-imAbBGkb+ebQyxKgzv5Hu2nmROxoDOXHh80evxdoXNOrvAnVx7zimzc1Oo5h9RlfV4vPXaE2iM5pOFbvOCClWA==",
      "dependencies": [
        "@jridgewell/set-array",
        "@jridgewell/sourcemap-codec",
        "@jridgewell/trace-mapping"
      ]
    },
    "@jridgewell/resolve-uri@3.1.2": {
      "integrity": "sha512-bRISgCIjP20/tbWSPWMEi54QVPRZExkuD9lJL+UIxUKtwVJA8wW1Trb1jMs1RFXo1CBTNZ/5hpC9QvmKWdopKw=="
    },
    "@jridgewell/set-array@1.2.1": {
      "integrity": "sha512-R8gLRTZeyp03ymzP/6Lil/28tGeGEzhx1q2k703KGWRAI1VdvPIXdG70VJc2pAMw3NA6JKL5hhFu1sJX0Mnn/A=="
    },
    "@jridgewell/sourcemap-codec@1.5.0": {
      "integrity": "sha512-gv3ZRaISU3fjPAgNsriBRqGWQL6quFx04YMPW/zD8XMLsU32mhCCbfbO6KZFLjvYpCZ8zyDEgqsgf+PwPaM7GQ=="
    },
    "@jridgewell/trace-mapping@0.3.25": {
      "integrity": "sha512-vNk6aEwybGtawWmy/PzwnGDOjCkLWSD2wqvjGGAgOAwCGWySYXfYoxt00IJkTF+8Lb57DwOb3Aa0o9CApepiYQ==",
      "dependencies": [
        "@jridgewell/resolve-uri",
        "@jridgewell/sourcemap-codec"
      ]
    },
    "@napi-rs/wasm-runtime@0.2.10": {
      "integrity": "sha512-bCsCyeZEwVErsGmyPNSzwfwFn4OdxBj0mmv6hOFucB/k81Ojdu68RbZdxYsRQUPc9l6SU5F/cG+bXgWs3oUgsQ==",
      "dependencies": [
        "@emnapi/core@1.4.3",
        "@emnapi/runtime@1.4.3",
        "@tybys/wasm-util@0.9.0"
      ]
    },
    "@node-rs/argon2-android-arm-eabi@1.7.0": {
      "integrity": "sha512-udDqkr5P9E+wYX1SZwAVPdyfYvaF4ry9Tm+R9LkfSHbzWH0uhU6zjIwNRp7m+n4gx691rk+lqqDAIP8RLKwbhg==",
      "os": ["android"],
      "cpu": ["arm"]
    },
    "@node-rs/argon2-android-arm64@1.7.0": {
      "integrity": "sha512-s9j/G30xKUx8WU50WIhF0fIl1EdhBGq0RQ06lEhZ0Gi0ap8lhqbE2Bn5h3/G2D1k0Dx+yjeVVNmt/xOQIRG38A==",
      "os": ["android"],
      "cpu": ["arm64"]
    },
    "@node-rs/argon2-darwin-arm64@1.7.0": {
      "integrity": "sha512-ZIz4L6HGOB9U1kW23g+m7anGNuTZ0RuTw0vNp3o+2DWpb8u8rODq6A8tH4JRL79S+Co/Nq608m9uackN2pe0Rw==",
      "os": ["darwin"],
      "cpu": ["arm64"]
    },
    "@node-rs/argon2-darwin-x64@1.7.0": {
      "integrity": "sha512-5oi/pxqVhODW/pj1+3zElMTn/YukQeywPHHYDbcAW3KsojFjKySfhcJMd1DjKTc+CHQI+4lOxZzSUzK7mI14Hw==",
      "os": ["darwin"],
      "cpu": ["x64"]
    },
    "@node-rs/argon2-freebsd-x64@1.7.0": {
      "integrity": "sha512-Ify08683hA4QVXYoIm5SUWOY5DPIT/CMB0CQT+IdxQAg/F+qp342+lUkeAtD5bvStQuCx/dFO3bnnzoe2clMhA==",
      "os": ["freebsd"],
      "cpu": ["x64"]
    },
    "@node-rs/argon2-linux-arm-gnueabihf@1.7.0": {
      "integrity": "sha512-7DjDZ1h5AUHAtRNjD19RnQatbhL+uuxBASuuXIBu4/w6Dx8n7YPxwTP4MXfsvuRgKuMWiOb/Ub/HJ3kXVCXRkg==",
      "os": ["linux"],
      "cpu": ["arm"]
    },
    "@node-rs/argon2-linux-arm64-gnu@1.7.0": {
      "integrity": "sha512-nJDoMP4Y3YcqGswE4DvP080w6O24RmnFEDnL0emdI8Nou17kNYBzP2546Nasx9GCyLzRcYQwZOUjrtUuQ+od2g==",
      "os": ["linux"],
      "cpu": ["arm64"]
    },
    "@node-rs/argon2-linux-arm64-musl@1.7.0": {
      "integrity": "sha512-BKWS8iVconhE3jrb9mj6t1J9vwUqQPpzCbUKxfTGJfc+kNL58F1SXHBoe2cDYGnHrFEHTY0YochzXoAfm4Dm/A==",
      "os": ["linux"],
      "cpu": ["arm64"]
    },
    "@node-rs/argon2-linux-x64-gnu@1.7.0": {
      "integrity": "sha512-EmgqZOlf4Jurk/szW1iTsVISx25bKksVC5uttJDUloTgsAgIGReCpUUO1R24pBhu9ESJa47iv8NSf3yAfGv6jQ==",
      "os": ["linux"],
      "cpu": ["x64"]
    },
    "@node-rs/argon2-linux-x64-musl@1.7.0": {
      "integrity": "sha512-/o1efYCYIxjfuoRYyBTi2Iy+1iFfhqHCvvVsnjNSgO1xWiWrX0Rrt/xXW5Zsl7vS2Y+yu8PL8KFWRzZhaVxfKA==",
      "os": ["linux"],
      "cpu": ["x64"]
    },
    "@node-rs/argon2-wasm32-wasi@1.7.0": {
      "integrity": "sha512-Evmk9VcxqnuwQftfAfYEr6YZYSPLzmKUsbFIMep5nTt9PT4XYRFAERj7wNYp+rOcBenF3X4xoB+LhwcOMTNE5w==",
      "dependencies": [
        "@emnapi/core@0.45.0",
        "@emnapi/runtime@0.45.0",
        "@tybys/wasm-util@0.8.3",
        "memfs-browser"
      ],
      "cpu": ["wasm32"]
    },
    "@node-rs/argon2-win32-arm64-msvc@1.7.0": {
      "integrity": "sha512-qgsU7T004COWWpSA0tppDqDxbPLgg8FaU09krIJ7FBl71Sz8SFO40h7fDIjfbTT5w7u6mcaINMQ5bSHu75PCaA==",
      "os": ["win32"],
      "cpu": ["arm64"]
    },
    "@node-rs/argon2-win32-ia32-msvc@1.7.0": {
      "integrity": "sha512-JGafwWYQ/HpZ3XSwP4adQ6W41pRvhcdXvpzIWtKvX+17+xEXAe2nmGWM6s27pVkg1iV2ZtoYLRDkOUoGqZkCcg==",
      "os": ["win32"],
      "cpu": ["ia32"]
    },
    "@node-rs/argon2-win32-x64-msvc@1.7.0": {
      "integrity": "sha512-9oq4ShyFakw8AG3mRls0AoCpxBFcimYx7+jvXeAf2OqKNO+mSA6eZ9z7KQeVCi0+SOEUYxMGf5UiGiDb9R6+9Q==",
      "os": ["win32"],
      "cpu": ["x64"]
    },
    "@node-rs/argon2@1.7.0": {
      "integrity": "sha512-zfULc+/tmcWcxn+nHkbyY8vP3+MpEqKORbszt4UkpqZgBgDAAIYvuDN/zukfTgdmo6tmJKKVfzigZOPk4LlIog==",
      "optionalDependencies": [
        "@node-rs/argon2-android-arm-eabi",
        "@node-rs/argon2-android-arm64",
        "@node-rs/argon2-darwin-arm64",
        "@node-rs/argon2-darwin-x64",
        "@node-rs/argon2-freebsd-x64",
        "@node-rs/argon2-linux-arm-gnueabihf",
        "@node-rs/argon2-linux-arm64-gnu",
        "@node-rs/argon2-linux-arm64-musl",
        "@node-rs/argon2-linux-x64-gnu",
        "@node-rs/argon2-linux-x64-musl",
        "@node-rs/argon2-wasm32-wasi",
        "@node-rs/argon2-win32-arm64-msvc",
        "@node-rs/argon2-win32-ia32-msvc",
        "@node-rs/argon2-win32-x64-msvc"
      ]
    },
    "@node-rs/bcrypt-android-arm-eabi@1.9.0": {
      "integrity": "sha512-nOCFISGtnodGHNiLrG0WYLWr81qQzZKYfmwHc7muUeq+KY0sQXyHOwZk9OuNQAWv/lnntmtbwkwT0QNEmOyLvA==",
      "os": ["android"],
      "cpu": ["arm"]
    },
    "@node-rs/bcrypt-android-arm64@1.9.0": {
      "integrity": "sha512-+ZrIAtigVmjYkqZQTThHVlz0+TG6D+GDHWhVKvR2DifjtqJ0i+mb9gjo++hN+fWEQdWNGxKCiBBjwgT4EcXd6A==",
      "os": ["android"],
      "cpu": ["arm64"]
    },
    "@node-rs/bcrypt-darwin-arm64@1.9.0": {
      "integrity": "sha512-CQiS+F9Pa0XozvkXR1g7uXE9QvBOPOplDg0iCCPRYTN9PqA5qYxhwe48G3o+v2UeQceNRrbnEtWuANm7JRqIhw==",
      "os": ["darwin"],
      "cpu": ["arm64"]
    },
    "@node-rs/bcrypt-darwin-x64@1.9.0": {
      "integrity": "sha512-4pTKGawYd7sNEjdJ7R/R67uwQH1VvwPZ0SSUMmeNHbxD5QlwAPXdDH11q22uzVXsvNFZ6nGQBg8No5OUGpx6Ug==",
      "os": ["darwin"],
      "cpu": ["x64"]
    },
    "@node-rs/bcrypt-freebsd-x64@1.9.0": {
      "integrity": "sha512-UmWzySX4BJhT/B8xmTru6iFif3h0Rpx3TqxRLCcbgmH43r7k5/9QuhpiyzpvKGpKHJCFNm4F3rC2wghvw5FCIg==",
      "os": ["freebsd"],
      "cpu": ["x64"]
    },
    "@node-rs/bcrypt-linux-arm-gnueabihf@1.9.0": {
      "integrity": "sha512-8qoX4PgBND2cVwsbajoAWo3NwdfJPEXgpCsZQZURz42oMjbGyhhSYbovBCskGU3EBLoC8RA2B1jFWooeYVn5BA==",
      "os": ["linux"],
      "cpu": ["arm"]
    },
    "@node-rs/bcrypt-linux-arm64-gnu@1.9.0": {
      "integrity": "sha512-TuAC6kx0SbcIA4mSEWPi+OCcDjTQUMl213v5gMNlttF+D4ieIZx6pPDGTaMO6M2PDHTeCG0CBzZl0Lu+9b0c7Q==",
      "os": ["linux"],
      "cpu": ["arm64"]
    },
    "@node-rs/bcrypt-linux-arm64-musl@1.9.0": {
      "integrity": "sha512-/sIvKDABOI8QOEnLD7hIj02BVaNOuCIWBKvxcJOt8+TuwJ6zmY1UI5kSv9d99WbiHjTp97wtAUbZQwauU4b9ew==",
      "os": ["linux"],
      "cpu": ["arm64"]
    },
    "@node-rs/bcrypt-linux-x64-gnu@1.9.0": {
      "integrity": "sha512-DyyhDHDsLBsCKz1tZ1hLvUZSc1DK0FU0v52jK6IBQxrj24WscSU9zZe7ie/V9kdmA4Ep57BfpWX8Dsa2JxGdgQ==",
      "os": ["linux"],
      "cpu": ["x64"]
    },
    "@node-rs/bcrypt-linux-x64-musl@1.9.0": {
      "integrity": "sha512-duIiuqQ+Lew8ASSAYm6ZRqcmfBGWwsi81XLUwz86a2HR7Qv6V4yc3ZAUQovAikhjCsIqe8C11JlAZSK6+PlXYg==",
      "os": ["linux"],
      "cpu": ["x64"]
    },
    "@node-rs/bcrypt-wasm32-wasi@1.9.0": {
      "integrity": "sha512-ylaGmn9Wjwv/D5lxtawttx3H6Uu2WTTR7lWlRHGT6Ga/MB1Vj4OjSGUW8G8zIVnKuXpGbZ92pgHlt4HUpSLctw==",
      "dependencies": [
        "@emnapi/core@0.45.0",
        "@emnapi/runtime@0.45.0",
        "@tybys/wasm-util@0.8.3",
        "memfs-browser"
      ],
      "cpu": ["wasm32"]
    },
    "@node-rs/bcrypt-win32-arm64-msvc@1.9.0": {
      "integrity": "sha512-2h86gF7QFyEzODuDFml/Dp1MSJoZjxJ4yyT2Erf4NkwsiA5MqowUhUsorRwZhX6+2CtlGa7orbwi13AKMsYndw==",
      "os": ["win32"],
      "cpu": ["arm64"]
    },
    "@node-rs/bcrypt-win32-ia32-msvc@1.9.0": {
      "integrity": "sha512-kqxalCvhs4FkN0+gWWfa4Bdy2NQAkfiqq/CEf6mNXC13RSV673Ev9V8sRlQyNpCHCNkeXfOT9pgoBdJmMs9muA==",
      "os": ["win32"],
      "cpu": ["ia32"]
    },
    "@node-rs/bcrypt-win32-x64-msvc@1.9.0": {
      "integrity": "sha512-2y0Tuo6ZAT2Cz8V7DHulSlv1Bip3zbzeXyeur+uR25IRNYXKvI/P99Zl85Fbuu/zzYAZRLLlGTRe6/9IHofe/w==",
      "os": ["win32"],
      "cpu": ["x64"]
    },
    "@node-rs/bcrypt@1.9.0": {
      "integrity": "sha512-u2OlIxW264bFUfvbFqDz9HZKFjwe8FHFtn7T/U8mYjPZ7DWYpbUB+/dkW/QgYfMSfR0ejkyuWaBBe0coW7/7ig==",
      "optionalDependencies": [
        "@node-rs/bcrypt-android-arm-eabi",
        "@node-rs/bcrypt-android-arm64",
        "@node-rs/bcrypt-darwin-arm64",
        "@node-rs/bcrypt-darwin-x64",
        "@node-rs/bcrypt-freebsd-x64",
        "@node-rs/bcrypt-linux-arm-gnueabihf",
        "@node-rs/bcrypt-linux-arm64-gnu",
        "@node-rs/bcrypt-linux-arm64-musl",
        "@node-rs/bcrypt-linux-x64-gnu",
        "@node-rs/bcrypt-linux-x64-musl",
        "@node-rs/bcrypt-wasm32-wasi",
        "@node-rs/bcrypt-win32-arm64-msvc",
        "@node-rs/bcrypt-win32-ia32-msvc",
        "@node-rs/bcrypt-win32-x64-msvc"
      ]
    },
    "@pkgjs/parseargs@0.11.0": {
      "integrity": "sha512-+1VkjdD0QBLPodGrJUeqarH8VAIvQODIbwh9XpP5Syisf7YoQgsJKPNFoqqLQlu+VQ/tVSshMR6loPMn8U+dPg=="
    },
    "@polka/url@1.0.0-next.29": {
      "integrity": "sha512-wwQAWhWSuHaag8c4q/KN/vCoeOJYshAIvMQwD4GpSb3OiZklFfvAgmj0VCBBImRpuF/aFgIRzllXlVX93Jevww=="
    },
    "@rollup/rollup-android-arm-eabi@4.42.0": {
      "integrity": "sha512-gldmAyS9hpj+H6LpRNlcjQWbuKUtb94lodB9uCz71Jm+7BxK1VIOo7y62tZZwxhA7j1ylv/yQz080L5WkS+LoQ==",
      "os": ["android"],
      "cpu": ["arm"]
    },
    "@rollup/rollup-android-arm64@4.42.0": {
      "integrity": "sha512-bpRipfTgmGFdCZDFLRvIkSNO1/3RGS74aWkJJTFJBH7h3MRV4UijkaEUeOMbi9wxtxYmtAbVcnMtHTPBhLEkaw==",
      "os": ["android"],
      "cpu": ["arm64"]
    },
    "@rollup/rollup-darwin-arm64@4.42.0": {
      "integrity": "sha512-JxHtA081izPBVCHLKnl6GEA0w3920mlJPLh89NojpU2GsBSB6ypu4erFg/Wx1qbpUbepn0jY4dVWMGZM8gplgA==",
      "os": ["darwin"],
      "cpu": ["arm64"]
    },
    "@rollup/rollup-darwin-x64@4.42.0": {
      "integrity": "sha512-rv5UZaWVIJTDMyQ3dCEK+m0SAn6G7H3PRc2AZmExvbDvtaDc+qXkei0knQWcI3+c9tEs7iL/4I4pTQoPbNL2SA==",
      "os": ["darwin"],
      "cpu": ["x64"]
    },
    "@rollup/rollup-freebsd-arm64@4.42.0": {
      "integrity": "sha512-fJcN4uSGPWdpVmvLuMtALUFwCHgb2XiQjuECkHT3lWLZhSQ3MBQ9pq+WoWeJq2PrNxr9rPM1Qx+IjyGj8/c6zQ==",
      "os": ["freebsd"],
      "cpu": ["arm64"]
    },
    "@rollup/rollup-freebsd-x64@4.42.0": {
      "integrity": "sha512-CziHfyzpp8hJpCVE/ZdTizw58gr+m7Y2Xq5VOuCSrZR++th2xWAz4Nqk52MoIIrV3JHtVBhbBsJcAxs6NammOQ==",
      "os": ["freebsd"],
      "cpu": ["x64"]
    },
    "@rollup/rollup-linux-arm-gnueabihf@4.42.0": {
      "integrity": "sha512-UsQD5fyLWm2Fe5CDM7VPYAo+UC7+2Px4Y+N3AcPh/LdZu23YcuGPegQly++XEVaC8XUTFVPscl5y5Cl1twEI4A==",
      "os": ["linux"],
      "cpu": ["arm"]
    },
    "@rollup/rollup-linux-arm-musleabihf@4.42.0": {
      "integrity": "sha512-/i8NIrlgc/+4n1lnoWl1zgH7Uo0XK5xK3EDqVTf38KvyYgCU/Rm04+o1VvvzJZnVS5/cWSd07owkzcVasgfIkQ==",
      "os": ["linux"],
      "cpu": ["arm"]
    },
    "@rollup/rollup-linux-arm64-gnu@4.42.0": {
      "integrity": "sha512-eoujJFOvoIBjZEi9hJnXAbWg+Vo1Ov8n/0IKZZcPZ7JhBzxh2A+2NFyeMZIRkY9iwBvSjloKgcvnjTbGKHE44Q==",
      "os": ["linux"],
      "cpu": ["arm64"]
    },
    "@rollup/rollup-linux-arm64-musl@4.42.0": {
      "integrity": "sha512-/3NrcOWFSR7RQUQIuZQChLND36aTU9IYE4j+TB40VU78S+RA0IiqHR30oSh6P1S9f9/wVOenHQnacs/Byb824g==",
      "os": ["linux"],
      "cpu": ["arm64"]
    },
    "@rollup/rollup-linux-loongarch64-gnu@4.42.0": {
      "integrity": "sha512-O8AplvIeavK5ABmZlKBq9/STdZlnQo7Sle0LLhVA7QT+CiGpNVe197/t8Aph9bhJqbDVGCHpY2i7QyfEDDStDg==",
      "os": ["linux"],
      "cpu": ["loong64"]
    },
    "@rollup/rollup-linux-powerpc64le-gnu@4.42.0": {
      "integrity": "sha512-6Qb66tbKVN7VyQrekhEzbHRxXXFFD8QKiFAwX5v9Xt6FiJ3BnCVBuyBxa2fkFGqxOCSGGYNejxd8ht+q5SnmtA==",
      "os": ["linux"],
      "cpu": ["ppc64"]
    },
    "@rollup/rollup-linux-riscv64-gnu@4.42.0": {
      "integrity": "sha512-KQETDSEBamQFvg/d8jajtRwLNBlGc3aKpaGiP/LvEbnmVUKlFta1vqJqTrvPtsYsfbE/DLg5CC9zyXRX3fnBiA==",
      "os": ["linux"],
      "cpu": ["riscv64"]
    },
    "@rollup/rollup-linux-riscv64-musl@4.42.0": {
      "integrity": "sha512-qMvnyjcU37sCo/tuC+JqeDKSuukGAd+pVlRl/oyDbkvPJ3awk6G6ua7tyum02O3lI+fio+eM5wsVd66X0jQtxw==",
      "os": ["linux"],
      "cpu": ["riscv64"]
    },
    "@rollup/rollup-linux-s390x-gnu@4.42.0": {
      "integrity": "sha512-I2Y1ZUgTgU2RLddUHXTIgyrdOwljjkmcZ/VilvaEumtS3Fkuhbw4p4hgHc39Ypwvo2o7sBFNl2MquNvGCa55Iw==",
      "os": ["linux"],
      "cpu": ["s390x"]
    },
    "@rollup/rollup-linux-x64-gnu@4.42.0": {
      "integrity": "sha512-Gfm6cV6mj3hCUY8TqWa63DB8Mx3NADoFwiJrMpoZ1uESbK8FQV3LXkhfry+8bOniq9pqY1OdsjFWNsSbfjPugw==",
      "os": ["linux"],
      "cpu": ["x64"]
    },
    "@rollup/rollup-linux-x64-musl@4.42.0": {
      "integrity": "sha512-g86PF8YZ9GRqkdi0VoGlcDUb4rYtQKyTD1IVtxxN4Hpe7YqLBShA7oHMKU6oKTCi3uxwW4VkIGnOaH/El8de3w==",
      "os": ["linux"],
      "cpu": ["x64"]
    },
    "@rollup/rollup-win32-arm64-msvc@4.42.0": {
      "integrity": "sha512-+axkdyDGSp6hjyzQ5m1pgcvQScfHnMCcsXkx8pTgy/6qBmWVhtRVlgxjWwDp67wEXXUr0x+vD6tp5W4x6V7u1A==",
      "os": ["win32"],
      "cpu": ["arm64"]
    },
    "@rollup/rollup-win32-ia32-msvc@4.42.0": {
      "integrity": "sha512-F+5J9pelstXKwRSDq92J0TEBXn2nfUrQGg+HK1+Tk7VOL09e0gBqUHugZv7SW4MGrYj41oNCUe3IKCDGVlis2g==",
      "os": ["win32"],
      "cpu": ["ia32"]
    },
    "@rollup/rollup-win32-x64-msvc@4.42.0": {
      "integrity": "sha512-LpHiJRwkaVz/LqjHjK8LCi8osq7elmpwujwbXKNW88bM8eeGxavJIKKjkjpMHAh/2xfnrt1ZSnhTv41WYUHYmA==",
      "os": ["win32"],
      "cpu": ["x64"]
    },
    "@sveltejs/acorn-typescript@1.0.5_acorn@8.14.1": {
      "integrity": "sha512-IwQk4yfwLdibDlrXVE04jTZYlLnwsTT2PIOQQGNLWfjavGifnk1JD1LcZjZaBTRcxZu2FfPfNLOE04DSu9lqtQ==",
      "dependencies": [
        "acorn"
      ]
    },
    "@sveltejs/kit@2.21.2_@sveltejs+vite-plugin-svelte@5.1.0__svelte@5.33.17___acorn@8.14.1__vite@6.3.5___picomatch@4.0.2_svelte@5.33.17__acorn@8.14.1_vite@6.3.5__picomatch@4.0.2_acorn@8.14.1": {
      "integrity": "sha512-EMYTY4+rNa7TaRZYzCqhQslEkACEZzWc363jOYuc90oJrgvlWTcgqTxcGSIJim48hPaXwYlHyatRnnMmTFf5tA==",
      "dependencies": [
        "@sveltejs/acorn-typescript",
        "@sveltejs/vite-plugin-svelte",
        "@types/cookie",
        "acorn",
        "cookie",
        "devalue",
        "esm-env",
        "kleur",
        "magic-string",
        "mrmime",
        "sade",
        "set-cookie-parser",
        "sirv",
        "svelte",
        "vite"
      ],
      "bin": true
    },
    "@sveltejs/vite-plugin-svelte-inspector@4.0.1_@sveltejs+vite-plugin-svelte@5.1.0__svelte@5.33.17___acorn@8.14.1__vite@6.3.5___picomatch@4.0.2_svelte@5.33.17__acorn@8.14.1_vite@6.3.5__picomatch@4.0.2": {
      "integrity": "sha512-J/Nmb2Q2y7mck2hyCX4ckVHcR5tu2J+MtBEQqpDrrgELZ2uvraQcK/ioCV61AqkdXFgriksOKIceDcQmqnGhVw==",
      "dependencies": [
        "@sveltejs/vite-plugin-svelte",
        "debug",
        "svelte",
        "vite"
      ]
    },
    "@sveltejs/vite-plugin-svelte@5.1.0_svelte@5.33.17__acorn@8.14.1_vite@6.3.5__picomatch@4.0.2": {
      "integrity": "sha512-wojIS/7GYnJDYIg1higWj2ROA6sSRWvcR1PO/bqEyFr/5UZah26c8Cz4u0NaqjPeVltzsVpt2Tm8d2io0V+4Tw==",
      "dependencies": [
        "@sveltejs/vite-plugin-svelte-inspector",
        "debug",
        "deepmerge",
        "kleur",
        "magic-string",
        "svelte",
        "vite",
        "vitefu"
      ]
    },
    "@tailwindcss/node@4.1.8": {
      "integrity": "sha512-OWwBsbC9BFAJelmnNcrKuf+bka2ZxCE2A4Ft53Tkg4uoiE67r/PMEYwCsourC26E+kmxfwE0hVzMdxqeW+xu7Q==",
      "dependencies": [
        "@ampproject/remapping",
        "enhanced-resolve",
        "jiti",
        "lightningcss",
        "magic-string",
        "source-map-js",
        "tailwindcss"
      ]
    },
    "@tailwindcss/oxide-android-arm64@4.1.8": {
      "integrity": "sha512-Fbz7qni62uKYceWYvUjRqhGfZKwhZDQhlrJKGtnZfuNtHFqa8wmr+Wn74CTWERiW2hn3mN5gTpOoxWKk0jRxjg==",
      "os": ["android"],
      "cpu": ["arm64"]
    },
    "@tailwindcss/oxide-darwin-arm64@4.1.8": {
      "integrity": "sha512-RdRvedGsT0vwVVDztvyXhKpsU2ark/BjgG0huo4+2BluxdXo8NDgzl77qh0T1nUxmM11eXwR8jA39ibvSTbi7A==",
      "os": ["darwin"],
      "cpu": ["arm64"]
    },
    "@tailwindcss/oxide-darwin-x64@4.1.8": {
      "integrity": "sha512-t6PgxjEMLp5Ovf7uMb2OFmb3kqzVTPPakWpBIFzppk4JE4ix0yEtbtSjPbU8+PZETpaYMtXvss2Sdkx8Vs4XRw==",
      "os": ["darwin"],
      "cpu": ["x64"]
    },
    "@tailwindcss/oxide-freebsd-x64@4.1.8": {
      "integrity": "sha512-g8C8eGEyhHTqwPStSwZNSrOlyx0bhK/V/+zX0Y+n7DoRUzyS8eMbVshVOLJTDDC+Qn9IJnilYbIKzpB9n4aBsg==",
      "os": ["freebsd"],
      "cpu": ["x64"]
    },
    "@tailwindcss/oxide-linux-arm-gnueabihf@4.1.8": {
      "integrity": "sha512-Jmzr3FA4S2tHhaC6yCjac3rGf7hG9R6Gf2z9i9JFcuyy0u79HfQsh/thifbYTF2ic82KJovKKkIB6Z9TdNhCXQ==",
      "os": ["linux"],
      "cpu": ["arm"]
    },
    "@tailwindcss/oxide-linux-arm64-gnu@4.1.8": {
      "integrity": "sha512-qq7jXtO1+UEtCmCeBBIRDrPFIVI4ilEQ97qgBGdwXAARrUqSn/L9fUrkb1XP/mvVtoVeR2bt/0L77xx53bPZ/Q==",
      "os": ["linux"],
      "cpu": ["arm64"]
    },
    "@tailwindcss/oxide-linux-arm64-musl@4.1.8": {
      "integrity": "sha512-O6b8QesPbJCRshsNApsOIpzKt3ztG35gfX9tEf4arD7mwNinsoCKxkj8TgEE0YRjmjtO3r9FlJnT/ENd9EVefQ==",
      "os": ["linux"],
      "cpu": ["arm64"]
    },
    "@tailwindcss/oxide-linux-x64-gnu@4.1.8": {
      "integrity": "sha512-32iEXX/pXwikshNOGnERAFwFSfiltmijMIAbUhnNyjFr3tmWmMJWQKU2vNcFX0DACSXJ3ZWcSkzNbaKTdngH6g==",
      "os": ["linux"],
      "cpu": ["x64"]
    },
    "@tailwindcss/oxide-linux-x64-musl@4.1.8": {
      "integrity": "sha512-s+VSSD+TfZeMEsCaFaHTaY5YNj3Dri8rST09gMvYQKwPphacRG7wbuQ5ZJMIJXN/puxPcg/nU+ucvWguPpvBDg==",
      "os": ["linux"],
      "cpu": ["x64"]
    },
    "@tailwindcss/oxide-wasm32-wasi@4.1.8": {
      "integrity": "sha512-CXBPVFkpDjM67sS1psWohZ6g/2/cd+cq56vPxK4JeawelxwK4YECgl9Y9TjkE2qfF+9/s1tHHJqrC4SS6cVvSg==",
      "dependencies": [
        "@emnapi/core@1.4.3",
        "@emnapi/runtime@1.4.3",
        "@emnapi/wasi-threads",
        "@napi-rs/wasm-runtime",
        "@tybys/wasm-util@0.9.0",
        "tslib"
      ],
      "cpu": ["wasm32"]
    },
    "@tailwindcss/oxide-win32-arm64-msvc@4.1.8": {
      "integrity": "sha512-7GmYk1n28teDHUjPlIx4Z6Z4hHEgvP5ZW2QS9ygnDAdI/myh3HTHjDqtSqgu1BpRoI4OiLx+fThAyA1JePoENA==",
      "os": ["win32"],
      "cpu": ["arm64"]
    },
    "@tailwindcss/oxide-win32-x64-msvc@4.1.8": {
      "integrity": "sha512-fou+U20j+Jl0EHwK92spoWISON2OBnCazIc038Xj2TdweYV33ZRkS9nwqiUi2d/Wba5xg5UoHfvynnb/UB49cQ==",
      "os": ["win32"],
      "cpu": ["x64"]
    },
    "@tailwindcss/oxide@4.1.8": {
      "integrity": "sha512-d7qvv9PsM5N3VNKhwVUhpK6r4h9wtLkJ6lz9ZY9aeZgrUWk1Z8VPyqyDT9MZlem7GTGseRQHkeB1j3tC7W1P+A==",
      "dependencies": [
        "detect-libc",
        "tar"
      ],
      "optionalDependencies": [
        "@tailwindcss/oxide-android-arm64",
        "@tailwindcss/oxide-darwin-arm64",
        "@tailwindcss/oxide-darwin-x64",
        "@tailwindcss/oxide-freebsd-x64",
        "@tailwindcss/oxide-linux-arm-gnueabihf",
        "@tailwindcss/oxide-linux-arm64-gnu",
        "@tailwindcss/oxide-linux-arm64-musl",
        "@tailwindcss/oxide-linux-x64-gnu",
        "@tailwindcss/oxide-linux-x64-musl",
        "@tailwindcss/oxide-wasm32-wasi",
        "@tailwindcss/oxide-win32-arm64-msvc",
        "@tailwindcss/oxide-win32-x64-msvc"
      ],
      "scripts": true
    },
    "@tailwindcss/vite@4.1.8_vite@6.3.5__picomatch@4.0.2": {
      "integrity": "sha512-CQ+I8yxNV5/6uGaJjiuymgw0kEQiNKRinYbZXPdx1fk5WgiyReG0VaUx/Xq6aVNSUNJFzxm6o8FNKS5aMaim5A==",
      "dependencies": [
        "@tailwindcss/node",
        "@tailwindcss/oxide",
        "tailwindcss",
        "vite"
      ]
    },
    "@tybys/wasm-util@0.8.3": {
      "integrity": "sha512-Z96T/L6dUFFxgFJ+pQtkPpne9q7i6kIPYCFnQBHSgSPV9idTsKfIhCss0h5iM9irweZCatkrdeP8yi5uM1eX6Q==",
      "dependencies": [
        "tslib"
      ]
    },
    "@tybys/wasm-util@0.9.0": {
      "integrity": "sha512-6+7nlbMVX/PVDCwaIQ8nTOPveOcFLSt8GcXdx8hD0bt39uWxYT88uXzqTd4fTvqta7oeUJqudepapKNt2DYJFw==",
      "dependencies": [
        "tslib"
      ]
    },
    "@types/cookie@0.6.0": {
      "integrity": "sha512-4Kh9a6B2bQciAhf7FSuMRRkUWecJgJu9nPnx3yzpsfXX/c50REIqpHY4C82bXP90qrLtXtkDxTZosYO3UpOwlA=="
    },
    "@types/estree@1.0.7": {
      "integrity": "sha512-w28IoSUCJpidD/TGviZwwMJckNESJZXFu7NBZ5YJ4mEUnNraUn9Pm8HSZm/jDF1pDWYKspWE7oVphigUPRakIQ=="
    },
    "@types/estree@1.0.8": {
      "integrity": "sha512-dWHzHa2WqEXI/O1E9OjrocMTKJl2mSrEolh1Iomrv6U+JuNwaHXsXx9bLu5gG7BUWFIN0skIQJQ/L1rIex4X6w=="
    },
    "acorn@8.14.1": {
      "integrity": "sha512-OvQ/2pUDKmgfCg++xsTX1wGxfTaszcHVcTctW4UJB4hibJx2HXxxO5UmVgyjMa+ZDsiaf5wWLXYpRWMmBI0QHg==",
      "bin": true
    },
    "aria-query@5.3.2": {
      "integrity": "sha512-COROpnaoap1E2F000S62r6A60uHZnmlvomhfyT2DlTcrY1OrBKn2UhH7qn5wTC9zMvD0AY7csdPSNwKP+7WiQw=="
    },
    "axobject-query@4.1.0": {
      "integrity": "sha512-qIj0G9wZbMGNLjLmg1PT6v2mE9AH2zlnADJD/2tC6E00hgmhUOfEB6greHPAfLRSufHqROIUTkw6E+M3lH0PTQ=="
    },
    "chokidar@4.0.3": {
      "integrity": "sha512-Qgzu8kfBvo+cA4962jnP1KkS6Dop5NS6g7R5LFYJr4b8Ub94PPQXUksCw9PvXoeXPRRddRNC5C1JQUR2SMGtnA==",
      "dependencies": [
        "readdirp"
      ]
    },
    "chownr@3.0.0": {
      "integrity": "sha512-+IxzY9BZOQd/XuYPRmrvEVjF/nqj5kgT4kEq7VofrDoM1MxoRjEWkrCC3EtLi59TVawxTAn+orJwFQcrqEN1+g=="
    },
    "clsx@2.1.1": {
      "integrity": "sha512-eYm0QWBtUrBWZWG0d386OGAw16Z995PiOVo2B7bjWSbHedGl5e0ZWaq65kOGgUSNesEIDkB9ISbTg/JK9dhCZA=="
    },
    "cookie@0.6.0": {
      "integrity": "sha512-U71cyTamuh1CRNCfpGY6to28lxvNwPG4Guz/EVjgf3Jmzv0vlDp1atT9eS5dDjMYHucpHbWns6Lwf3BKz6svdw=="
    },
    "debug@4.4.1": {
      "integrity": "sha512-KcKCqiftBJcZr++7ykoDIEwSa3XWowTfNPo92BYxjXiyYEVrUQh2aLyhxBCwww+heortUFxEJYcRzosstTEBYQ==",
      "dependencies": [
        "ms"
      ]
    },
    "deepmerge@4.3.1": {
      "integrity": "sha512-3sUqbMEc77XqpdNO7FRyRog+eW3ph+GYCbj+rK+uYyRMuwsVy0rMiVtPn+QJlKFvWP/1PYpapqYn0Me2knFn+A=="
    },
    "detect-libc@2.0.4": {
      "integrity": "sha512-3UDv+G9CsCKO1WKMGw9fwq/SWJYbI0c5Y7LU1AXYoDdbhE2AHQ6N6Nb34sG8Fj7T5APy8qXDCKuuIHd1BR0tVA=="
    },
    "devalue@5.1.1": {
      "integrity": "sha512-maua5KUiapvEwiEAe+XnlZ3Rh0GD+qI1J/nb9vrJc3muPXvcF/8gXYTWF76+5DAqHyDUtOIImEuo0YKE9mshVw=="
    },
    "enhanced-resolve@5.18.1": {
      "integrity": "sha512-ZSW3ma5GkcQBIpwZTSRAI8N71Uuwgs93IezB7mf7R60tC8ZbJideoDNKjHn2O9KIlx6rkGTTEk1xUCK2E1Y2Yg==",
      "dependencies": [
        "graceful-fs",
        "tapable"
      ]
    },
    "esbuild@0.25.5": {
      "integrity": "sha512-P8OtKZRv/5J5hhz0cUAdu/cLuPIKXpQl1R9pZtvmHWQvrAUVd0UNIPT4IB4W3rNOqVO0rlqHmCIbSwxh/c9yUQ==",
      "optionalDependencies": [
        "@esbuild/aix-ppc64",
        "@esbuild/android-arm",
        "@esbuild/android-arm64",
        "@esbuild/android-x64",
        "@esbuild/darwin-arm64",
        "@esbuild/darwin-x64",
        "@esbuild/freebsd-arm64",
        "@esbuild/freebsd-x64",
        "@esbuild/linux-arm",
        "@esbuild/linux-arm64",
        "@esbuild/linux-ia32",
        "@esbuild/linux-loong64",
        "@esbuild/linux-mips64el",
        "@esbuild/linux-ppc64",
        "@esbuild/linux-riscv64",
        "@esbuild/linux-s390x",
        "@esbuild/linux-x64",
        "@esbuild/netbsd-arm64",
        "@esbuild/netbsd-x64",
        "@esbuild/openbsd-arm64",
        "@esbuild/openbsd-x64",
        "@esbuild/sunos-x64",
        "@esbuild/win32-arm64",
        "@esbuild/win32-ia32",
        "@esbuild/win32-x64"
      ],
      "scripts": true,
      "bin": true
    },
    "esm-env@1.2.2": {
      "integrity": "sha512-Epxrv+Nr/CaL4ZcFGPJIYLWFom+YeV1DqMLHJoEd9SYRxNbaFruBwfEX/kkHUJf55j2+TUbmDcmuilbP1TmXHA=="
    },
    "esrap@1.4.7": {
      "integrity": "sha512-0ZxW6guTF/AeKeKi7he93lmgv7Hx7giD1tBrOeVqkqsZGQJd2/kfnL7LdIsr9FT/AtkBK9XeDTov+gxprBqdEg==",
      "dependencies": [
        "@jridgewell/sourcemap-codec"
      ]
    },
    "fdir@6.4.5_picomatch@4.0.2": {
      "integrity": "sha512-4BG7puHpVsIYxZUbiUE3RqGloLaSSwzYie5jvasC4LWuBWzZawynvYouhjbQKw2JuIGYdm0DzIxl8iVidKlUEw==",
      "dependencies": [
        "picomatch"
      ],
      "optionalPeers": [
        "picomatch"
      ]
    },
    "fs-monkey@1.0.6": {
      "integrity": "sha512-b1FMfwetIKymC0eioW7mTywihSQE4oLzQn1dB6rZB5fx/3NpNEdAWeCSMB+60/AeT0TCXsxzAlcYVEFCTAksWg=="
    },
    "fsevents@2.3.3": {
      "integrity": "sha512-5xoDfX+fL7faATnagmWPpbFtwh/R77WmMMqqHGS65C3vvB0YHrgF+B1YmZ3441tMj5n63k0212XNoJwzlhffQw==",
      "os": ["darwin"],
      "scripts": true
    },
    "graceful-fs@4.2.11": {
      "integrity": "sha512-RbJ5/jmFcNNCcDV5o9eTnBLJ/HszWV0P73bc+Ff4nS/rJj+YaS6IGyiOL0VoBYX+l1Wrl3k63h/KrH+nhJ0XvQ=="
    },
    "is-reference@3.0.3": {
      "integrity": "sha512-ixkJoqQvAP88E6wLydLGGqCJsrFUnqoH6HnaczB8XmDH1oaWU+xxdptvikTgaEhtZ53Ky6YXiBuUI2WXLMCwjw==",
      "dependencies": [
        "@types/estree@1.0.8"
      ]
    },
    "jiti@2.4.2": {
      "integrity": "sha512-rg9zJN+G4n2nfJl5MW3BMygZX56zKPNVEYYqq7adpmMh4Jn2QNEwhvQlFy6jPVdcod7txZtKHWnyZiA3a0zP7A==",
      "bin": true
    },
    "kleur@4.1.5": {
      "integrity": "sha512-o+NO+8WrRiQEE4/7nwRJhN1HWpVmJm511pBHUxPLtp0BUISzlBplORYSmTclCnJvQq2tKu/sgl3xVpkc7ZWuQQ=="
    },
    "lightningcss-darwin-arm64@1.30.1": {
      "integrity": "sha512-c8JK7hyE65X1MHMN+Viq9n11RRC7hgin3HhYKhrMyaXflk5GVplZ60IxyoVtzILeKr+xAJwg6zK6sjTBJ0FKYQ==",
      "os": ["darwin"],
      "cpu": ["arm64"]
    },
    "lightningcss-darwin-x64@1.30.1": {
      "integrity": "sha512-k1EvjakfumAQoTfcXUcHQZhSpLlkAuEkdMBsI/ivWw9hL+7FtilQc0Cy3hrx0AAQrVtQAbMI7YjCgYgvn37PzA==",
      "os": ["darwin"],
      "cpu": ["x64"]
    },
    "lightningcss-freebsd-x64@1.30.1": {
      "integrity": "sha512-kmW6UGCGg2PcyUE59K5r0kWfKPAVy4SltVeut+umLCFoJ53RdCUWxcRDzO1eTaxf/7Q2H7LTquFHPL5R+Gjyig==",
      "os": ["freebsd"],
      "cpu": ["x64"]
    },
    "lightningcss-linux-arm-gnueabihf@1.30.1": {
      "integrity": "sha512-MjxUShl1v8pit+6D/zSPq9S9dQ2NPFSQwGvxBCYaBYLPlCWuPh9/t1MRS8iUaR8i+a6w7aps+B4N0S1TYP/R+Q==",
      "os": ["linux"],
      "cpu": ["arm"]
    },
    "lightningcss-linux-arm64-gnu@1.30.1": {
      "integrity": "sha512-gB72maP8rmrKsnKYy8XUuXi/4OctJiuQjcuqWNlJQ6jZiWqtPvqFziskH3hnajfvKB27ynbVCucKSm2rkQp4Bw==",
      "os": ["linux"],
      "cpu": ["arm64"]
    },
    "lightningcss-linux-arm64-musl@1.30.1": {
      "integrity": "sha512-jmUQVx4331m6LIX+0wUhBbmMX7TCfjF5FoOH6SD1CttzuYlGNVpA7QnrmLxrsub43ClTINfGSYyHe2HWeLl5CQ==",
      "os": ["linux"],
      "cpu": ["arm64"]
    },
    "lightningcss-linux-x64-gnu@1.30.1": {
      "integrity": "sha512-piWx3z4wN8J8z3+O5kO74+yr6ze/dKmPnI7vLqfSqI8bccaTGY5xiSGVIJBDd5K5BHlvVLpUB3S2YCfelyJ1bw==",
      "os": ["linux"],
      "cpu": ["x64"]
    },
    "lightningcss-linux-x64-musl@1.30.1": {
      "integrity": "sha512-rRomAK7eIkL+tHY0YPxbc5Dra2gXlI63HL+v1Pdi1a3sC+tJTcFrHX+E86sulgAXeI7rSzDYhPSeHHjqFhqfeQ==",
      "os": ["linux"],
      "cpu": ["x64"]
    },
    "lightningcss-win32-arm64-msvc@1.30.1": {
      "integrity": "sha512-mSL4rqPi4iXq5YVqzSsJgMVFENoa4nGTT/GjO2c0Yl9OuQfPsIfncvLrEW6RbbB24WtZ3xP/2CCmI3tNkNV4oA==",
      "os": ["win32"],
      "cpu": ["arm64"]
    },
    "lightningcss-win32-x64-msvc@1.30.1": {
      "integrity": "sha512-PVqXh48wh4T53F/1CCu8PIPCxLzWyCnn/9T5W1Jpmdy5h9Cwd+0YQS6/LwhHXSafuc61/xg9Lv5OrCby6a++jg==",
      "os": ["win32"],
      "cpu": ["x64"]
    },
    "lightningcss@1.30.1": {
      "integrity": "sha512-xi6IyHML+c9+Q3W0S4fCQJOym42pyurFiJUHEcEyHS0CeKzia4yZDEsLlqOFykxOdHpNy0NmvVO31vcSqAxJCg==",
      "dependencies": [
        "detect-libc"
      ],
      "optionalDependencies": [
        "lightningcss-darwin-arm64",
        "lightningcss-darwin-x64",
        "lightningcss-freebsd-x64",
        "lightningcss-linux-arm-gnueabihf",
        "lightningcss-linux-arm64-gnu",
        "lightningcss-linux-arm64-musl",
        "lightningcss-linux-x64-gnu",
        "lightningcss-linux-x64-musl",
        "lightningcss-win32-arm64-msvc",
        "lightningcss-win32-x64-msvc"
      ]
    },
    "locate-character@3.0.0": {
      "integrity": "sha512-SW13ws7BjaeJ6p7Q6CO2nchbYEc3X3J6WrmTTDto7yMPqVSZTUyY5Tjbid+Ab8gLnATtygYtiDIJGQRRn2ZOiA=="
    },
    "magic-string@0.30.17": {
      "integrity": "sha512-sNPKHvyjVf7gyjwS4xGTaW/mCnF8wnjtifKBEhxfZ7E/S8tQ0rssrwGNn6q8JH/ohItJfSQp9mBtQYuTlH5QnA==",
      "dependencies": [
        "@jridgewell/sourcemap-codec"
      ]
    },
    "memfs-browser@3.5.10302": {
      "integrity": "sha512-JJTc/nh3ig05O0gBBGZjTCPOyydaTxNF0uHYBrcc1gHNnO+KIHIvo0Y1FKCJsaei6FCl8C6xfQomXqu+cuzkIw==",
      "dependencies": [
        "memfs"
      ]
    },
    "memfs@3.5.3": {
      "integrity": "sha512-UERzLsxzllchadvbPs5aolHh65ISpKpM+ccLbOJ8/vvpBKmAWf+la7dXFy7Mr0ySHbdHrFv5kGFCUHHe6GFEmw==",
      "dependencies": [
        "fs-monkey"
      ]
    },
    "minipass@7.1.2": {
      "integrity": "sha512-qOOzS1cBTWYF4BH8fVePDBOO9iptMnGUEZwNc/cMWnTV2nVLZ7VoNWEPHkYczZA0pdoA7dl6e7FL659nX9S2aw=="
    },
    "minizlib@3.0.2": {
      "integrity": "sha512-oG62iEk+CYt5Xj2YqI5Xi9xWUeZhDI8jjQmC5oThVH5JGCTgIjr7ciJDzC7MBzYd//WvR1OTmP5Q38Q8ShQtVA==",
      "dependencies": [
        "minipass"
      ]
    },
    "mkdirp@3.0.1": {
      "integrity": "sha512-+NsyUUAZDmo6YVHzL/stxSu3t9YS1iljliy3BSDrXJ/dkn1KYdmtZODGGjLcc9XLgVVpH4KshHB8XmZgMhaBXg==",
      "bin": true
    },
    "mri@1.2.0": {
      "integrity": "sha512-tzzskb3bG8LvYGFF/mDTpq3jpI6Q9wc3LEmBaghu+DdCssd1FakN7Bc0hVNmEyGq1bq3RgfkCb3cmQLpNPOroA=="
    },
    "mrmime@2.0.1": {
      "integrity": "sha512-Y3wQdFg2Va6etvQ5I82yUhGdsKrcYox6p7FfL1LbK2J4V01F9TGlepTIhnK24t7koZibmg82KGglhA1XK5IsLQ=="
    },
    "ms@2.1.3": {
      "integrity": "sha512-6FlzubTLZG3J2a/NVCAleEhjzq5oxgHyaCU9yYXvcLsvoVaHJq/s5xXI6/XXP6tz7R9xAOtHnSO/tXtF3WRTlA=="
    },
    "nanoid@3.3.11": {
      "integrity": "sha512-N8SpfPUnUp1bK+PMYW8qSWdl9U+wwNWI4QKxOYDy9JAro3WMX7p2OeVRF9v+347pnakNevPmiHhNmZ2HbFA76w==",
      "bin": true
    },
    "oslo@1.2.1": {
      "integrity": "sha512-HfIhB5ruTdQv0XX2XlncWQiJ5SIHZ7NHZhVyHth0CSZ/xzge00etRyYy/3wp/Dsu+PkxMC+6+B2lS/GcKoewkA==",
      "dependencies": [
        "@node-rs/argon2",
        "@node-rs/bcrypt"
      ],
      "deprecated": true
    },
    "picocolors@1.1.1": {
      "integrity": "sha512-xceH2snhtb5M9liqDsmEw56le376mTZkEX/jEb/RxNFyegNul7eNslCXP9FDj/Lcu0X8KEyMceP2ntpaHrDEVA=="
    },
    "picomatch@4.0.2": {
      "integrity": "sha512-M7BAV6Rlcy5u+m6oPhAPFgJTzAioX/6B0DxyvDlo9l8+T3nLKbrczg2WLUyzd45L8RqfUMyGPzekbMvX2Ldkwg=="
    },
    "postcss@8.5.4": {
      "integrity": "sha512-QSa9EBe+uwlGTFmHsPKokv3B/oEMQZxfqW0QqNCyhpa6mB1afzulwn8hihglqAb2pOw+BJgNlmXQ8la2VeHB7w==",
      "dependencies": [
        "nanoid",
        "picocolors",
        "source-map-js"
      ]
    },
    "readdirp@4.1.2": {
      "integrity": "sha512-GDhwkLfywWL2s6vEjyhri+eXmfH6j1L7JE27WhqLeYzoh/A3DBaYGEj2H/HFZCn/kMfim73FXxEJTw06WtxQwg=="
    },
    "rollup@4.42.0": {
      "integrity": "sha512-LW+Vse3BJPyGJGAJt1j8pWDKPd73QM8cRXYK1IxOBgL2AGLu7Xd2YOW0M2sLUBCkF5MshXXtMApyEAEzMVMsnw==",
      "dependencies": [
        "@types/estree@1.0.7"
      ],
      "optionalDependencies": [
        "@rollup/rollup-android-arm-eabi",
        "@rollup/rollup-android-arm64",
        "@rollup/rollup-darwin-arm64",
        "@rollup/rollup-darwin-x64",
        "@rollup/rollup-freebsd-arm64",
        "@rollup/rollup-freebsd-x64",
        "@rollup/rollup-linux-arm-gnueabihf",
        "@rollup/rollup-linux-arm-musleabihf",
        "@rollup/rollup-linux-arm64-gnu",
        "@rollup/rollup-linux-arm64-musl",
        "@rollup/rollup-linux-loongarch64-gnu",
        "@rollup/rollup-linux-powerpc64le-gnu",
        "@rollup/rollup-linux-riscv64-gnu",
        "@rollup/rollup-linux-riscv64-musl",
        "@rollup/rollup-linux-s390x-gnu",
        "@rollup/rollup-linux-x64-gnu",
        "@rollup/rollup-linux-x64-musl",
        "@rollup/rollup-win32-arm64-msvc",
        "@rollup/rollup-win32-ia32-msvc",
        "@rollup/rollup-win32-x64-msvc",
        "fsevents"
      ],
      "bin": true
    },
    "runed@0.28.0_svelte@5.33.17__acorn@8.14.1": {
      "integrity": "sha512-k2xx7RuO9hWcdd9f+8JoBeqWtYrm5CALfgpkg2YDB80ds/QE4w0qqu34A7fqiAwiBBSBQOid7TLxwxVC27ymWQ==",
      "dependencies": [
        "esm-env",
        "svelte"
      ]
    },
    "sade@1.8.1": {
      "integrity": "sha512-xal3CZX1Xlo/k4ApwCFrHVACi9fBqJ7V+mwhBsuf/1IOKbBy098Fex+Wa/5QMubw09pSZ/u8EY8PWgevJsXp1A==",
      "dependencies": [
        "mri"
      ]
    },
    "set-cookie-parser@2.7.1": {
      "integrity": "sha512-IOc8uWeOZgnb3ptbCURJWNjWUPcO3ZnTTdzsurqERrP6nPyv+paC55vJM0LpOlT2ne+Ix+9+CRG1MNLlyZ4GjQ=="
    },
    "sirv@3.0.1": {
      "integrity": "sha512-FoqMu0NCGBLCcAkS1qA+XJIQTR6/JHfQXl+uGteNCQ76T91DMUjPa9xfmeqMY3z80nLSg9yQmNjK0Px6RWsH/A==",
      "dependencies": [
        "@polka/url",
        "mrmime",
        "totalist"
      ]
    },
    "source-map-js@1.2.1": {
      "integrity": "sha512-UXWMKhLOwVKb728IUtQPXxfYU+usdybtUrK/8uGE8CQMvrhOpwvzDBwj0QhSL7MQc7vIsISBG8VQ8+IDQxpfQA=="
    },
    "svelte-check@4.2.1_svelte@5.33.17__acorn@8.14.1_typescript@5.8.3": {
      "integrity": "sha512-e49SU1RStvQhoipkQ/aonDhHnG3qxHSBtNfBRb9pxVXoa+N7qybAo32KgA9wEb2PCYFNaDg7bZCdhLD1vHpdYA==",
      "dependencies": [
        "@jridgewell/trace-mapping",
        "chokidar",
        "fdir",
        "picocolors",
        "sade",
        "svelte",
        "typescript"
      ],
      "bin": true
    },
    "svelte-french-toast@1.2.0_svelte@5.33.17__acorn@8.14.1": {
      "integrity": "sha512-5PW+6RFX3xQPbR44CngYAP1Sd9oCq9P2FOox4FZffzJuZI2mHOB7q5gJBVnOiLF5y3moVGZ7u2bYt7+yPAgcEQ==",
      "dependencies": [
        "svelte",
        "svelte-writable-derived"
      ]
    },
    "svelte-writable-derived@3.1.1_svelte@5.33.17__acorn@8.14.1": {
      "integrity": "sha512-w4LR6/bYZEuCs7SGr+M54oipk/UQKtiMadyOhW0PTwAtJ/Ai12QS77sLngEcfBx2q4H8ZBQucc9ktSA5sUGZWw==",
      "dependencies": [
        "svelte"
      ]
    },
    "svelte@5.33.17_acorn@8.14.1": {
      "integrity": "sha512-y453Ac1Xi/MFXbGIDK89YH1CeXlFk+aTsDQ1uMc7iE+iVau6ZnE4t3iWsr0oxKnIApjfI7CL4R1NEHzVMUrkVg==",
      "dependencies": [
        "@ampproject/remapping",
        "@jridgewell/sourcemap-codec",
        "@sveltejs/acorn-typescript",
        "@types/estree@1.0.8",
        "acorn",
        "aria-query",
        "axobject-query",
        "clsx",
        "esm-env",
        "esrap",
        "is-reference",
        "locate-character",
        "magic-string",
        "zimmerframe"
      ]
    },
    "tailwindcss@4.1.8": {
      "integrity": "sha512-kjeW8gjdxasbmFKpVGrGd5T4i40mV5J2Rasw48QARfYeQ8YS9x02ON9SFWax3Qf616rt4Cp3nVNIj6Hd1mP3og=="
    },
    "tapable@2.2.2": {
      "integrity": "sha512-Re10+NauLTMCudc7T5WLFLAwDhQ0JWdrMK+9B2M8zR5hRExKmsRDCBA7/aV/pNJFltmBFO5BAMlQFi/vq3nKOg=="
    },
    "tar@7.4.3": {
      "integrity": "sha512-5S7Va8hKfV7W5U6g3aYxXmlPoZVAwUMy9AOKyF2fVuZa2UD3qZjg578OrLRt8PcNN1PleVaL/5/yYATNL0ICUw==",
      "dependencies": [
        "@isaacs/fs-minipass",
        "chownr",
        "minipass",
        "minizlib",
        "mkdirp",
        "yallist"
      ]
    },
    "tinyglobby@0.2.14_picomatch@4.0.2": {
      "integrity": "sha512-tX5e7OM1HnYr2+a2C/4V0htOcSQcoSTH9KgJnVvNm5zm/cyEWKJ7j7YutsH9CxMdtOkkLFy2AHrMci9IM8IPZQ==",
      "dependencies": [
        "fdir",
        "picomatch"
      ]
    },
    "totalist@3.0.1": {
      "integrity": "sha512-sf4i37nQ2LBx4m3wB74y+ubopq6W/dIzXg0FDGjsYnZHVa1Da8FH853wlL2gtUhg+xJXjfk3kUZS3BRoQeoQBQ=="
    },
    "tslib@2.8.1": {
      "integrity": "sha512-oJFu94HQb+KVduSUQL7wnpmqnfmLsOA/nAh6b6EH0wCEoK0/mPeXU6c3wKDV83MkOuHPRHtSXKKU99IBazS/2w=="
    },
    "typescript@5.8.3": {
      "integrity": "sha512-p1diW6TqL9L07nNxvRMM7hMMw4c5XOo/1ibL4aAIGmSAt9slTE1Xgw5KWuof2uTOvCg9BY7ZRi+GaF+7sfgPeQ==",
      "bin": true
    },
    "urlpattern-polyfill@10.1.0": {
      "integrity": "sha512-IGjKp/o0NL3Bso1PymYURCJxMPNAf/ILOpendP9f5B6e1rTJgdgiOvgfoT8VxCAdY+Wisb9uhGaJJf3yZ2V9nw=="
    },
    "vite@6.3.5_picomatch@4.0.2": {
      "integrity": "sha512-cZn6NDFE7wdTpINgs++ZJ4N49W2vRp8LCKrn3Ob1kYNtOo21vfDoaV5GzBfLU4MovSAB8uNRm4jgzVQZ+mBzPQ==",
      "dependencies": [
        "esbuild",
        "fdir",
        "picomatch",
        "postcss",
        "rollup",
        "tinyglobby"
      ],
      "optionalDependencies": [
        "fsevents"
      ],
      "bin": true
    },
    "vitefu@1.0.6_vite@6.3.5__picomatch@4.0.2": {
      "integrity": "sha512-+Rex1GlappUyNN6UfwbVZne/9cYC4+R2XDk9xkNXBKMw6HQagdX9PgZ8V2v1WUSK1wfBLp7qbI1+XSNIlB1xmA==",
      "dependencies": [
        "vite"
      ],
      "optionalPeers": [
        "vite"
      ]
    },
    "yallist@5.0.0": {
      "integrity": "sha512-YgvUTfwqyc7UXVMrB+SImsVYSmTS8X/tSrtdNZMImM+n7+QTriRXyXim0mBrTXNeqzVF0KWGgHPeiyViFFrNDw=="
    },
    "zimmerframe@1.1.2": {
      "integrity": "sha512-rAbqEGa8ovJy4pyBxZM70hg4pE6gDgaQ0Sl9M3enG3I0d6H4XSAM3GeNGLKnsBpuijUow064sf7ww1nutC5/3w=="
    }
  },
  "workspace": {
    "packageJson": {
      "dependencies": [
        "npm:@deno/svelte-adapter@0.1",
        "npm:@sveltejs/kit@^2.21.2",
        "npm:@sveltejs/vite-plugin-svelte@^5.1.0",
        "npm:@tailwindcss/vite@^4.1.8",
        "npm:oslo@^1.2.1",
        "npm:runed@0.28",
        "npm:svelte-check@^4.2.1",
        "npm:svelte-french-toast@^1.2.0",
        "npm:svelte@^5.33.16",
        "npm:tailwindcss@^4.1.8",
        "npm:tslib@^2.8.1",
        "npm:typescript@^5.8.3",
        "npm:vite@^6.3.5"
      ]
    }
  }
}
